// !$*UTF8*$!
{
	archiveVersion = 1;
	classes = {
	};
	objectVersion = 46;
	objects = {

/* Begin PBXBuildFile section */
		18C149A01CCCF151001F7D15 /* Digiface.ttf in Resources */ = {isa = PBXBuildFile; fileRef = 18C1499B1CCCF151001F7D15 /* Digiface.ttf */; };
		18C149A11CCCF151001F7D15 /* Mogul Avanti Bold Italic.ttf in Resources */ = {isa = PBXBuildFile; fileRef = 18C1499C1CCCF151001F7D15 /* Mogul Avanti Bold Italic.ttf */; };
		18C149A21CCCF151001F7D15 /* Mogul Avanti Bold.ttf in Resources */ = {isa = PBXBuildFile; fileRef = 18C1499D1CCCF151001F7D15 /* Mogul Avanti Bold.ttf */; };
		18C149A31CCCF151001F7D15 /* Mogul Avanti Italic.ttf in Resources */ = {isa = PBXBuildFile; fileRef = 18C1499E1CCCF151001F7D15 /* Mogul Avanti Italic.ttf */; };
		18C149A41CCCF151001F7D15 /* Mogul Avanti.ttf in Resources */ = {isa = PBXBuildFile; fileRef = 18C1499F1CCCF151001F7D15 /* Mogul Avanti.ttf */; };
		4B458AF91C4CB35400805045 /* ZoxildoxCollectionViewCell.m in Sources */ = {isa = PBXBuildFile; fileRef = 4B458AF81C4CB35400805045 /* ZoxildoxCollectionViewCell.m */; };
		4B458AFC1C4CB36900805045 /* CommentTableViewCell.m in Sources */ = {isa = PBXBuildFile; fileRef = 4B458AFB1C4CB36900805045 /* CommentTableViewCell.m */; };
		4B4685C51C4DDB6000814A49 /* LoginViewController.m in Sources */ = {isa = PBXBuildFile; fileRef = 4B4685C41C4DDB6000814A49 /* LoginViewController.m */; };
		4B4DF3EF1C49E8F5006B9474 /* MainTableViewCell.m in Sources */ = {isa = PBXBuildFile; fileRef = 4B4DF3EE1C49E8F5006B9474 /* MainTableViewCell.m */; };
		4B4DF3F21C49E907006B9474 /* BTagCollectionViewCell.m in Sources */ = {isa = PBXBuildFile; fileRef = 4B4DF3F11C49E907006B9474 /* BTagCollectionViewCell.m */; };
		4B4DF3F81C4A2448006B9474 /* MyButton.m in Sources */ = {isa = PBXBuildFile; fileRef = 4B4DF3F71C4A2448006B9474 /* MyButton.m */; };
		4B6DAD691C4B7071006AEA04 /* SortButton.m in Sources */ = {isa = PBXBuildFile; fileRef = 4B6DAD681C4B7071006AEA04 /* SortButton.m */; };
		4B7194601C4A335D0011F6F6 /* MyTabBarController.m in Sources */ = {isa = PBXBuildFile; fileRef = 4B71945F1C4A335D0011F6F6 /* MyTabBarController.m */; };
		4B960B001C47AB93004C0453 /* main.m in Sources */ = {isa = PBXBuildFile; fileRef = 4B960AFF1C47AB93004C0453 /* main.m */; };
		4B960B031C47AB93004C0453 /* AppDelegate.m in Sources */ = {isa = PBXBuildFile; fileRef = 4B960B021C47AB93004C0453 /* AppDelegate.m */; };
		4B960B0B1C47AB93004C0453 /* Assets.xcassets in Resources */ = {isa = PBXBuildFile; fileRef = 4B960B0A1C47AB93004C0453 /* Assets.xcassets */; };
		4B9786901CCA0DF800E11598 /* libSEDefaults.a in Frameworks */ = {isa = PBXBuildFile; fileRef = 4B97868F1CCA0DF800E11598 /* libSEDefaults.a */; };
		4B9A8A861C4E4C4D00118E32 /* TosteiCollectionViewCell.m in Sources */ = {isa = PBXBuildFile; fileRef = 4B9A8A851C4E4C4D00118E32 /* TosteiCollectionViewCell.m */; };
		4B9A8A8B1C4E4EE800118E32 /* Comment2TableViewCell.m in Sources */ = {isa = PBXBuildFile; fileRef = 4B9A8A8A1C4E4EE800118E32 /* Comment2TableViewCell.m */; };
		4B9A8A8E1C4E4F4400118E32 /* MainDetailTableViewCell.m in Sources */ = {isa = PBXBuildFile; fileRef = 4B9A8A8D1C4E4F4400118E32 /* MainDetailTableViewCell.m */; };
		4B9CA1B91CCB0FC6009BD803 /* OrganizationsViewController.m in Sources */ = {isa = PBXBuildFile; fileRef = 4B9CA1B81CCB0FC6009BD803 /* OrganizationsViewController.m */; };
		4B9CA1C61CCB388B009BD803 /* busdirection.png in Resources */ = {isa = PBXBuildFile; fileRef = 4B9CA1BB1CCB388B009BD803 /* busdirection.png */; };
		4B9CA1C71CCB388B009BD803 /* info.png in Resources */ = {isa = PBXBuildFile; fileRef = 4B9CA1BC1CCB388B009BD803 /* info.png */; };
		4B9CA1C81CCB388B009BD803 /* lavlah.png in Resources */ = {isa = PBXBuildFile; fileRef = 4B9CA1BD1CCB388B009BD803 /* lavlah.png */; };
		4B9CA1C91CCB388B009BD803 /* medee.png in Resources */ = {isa = PBXBuildFile; fileRef = 4B9CA1BE1CCB388B009BD803 /* medee.png */; };
		4B9CA1CA1CCB388B009BD803 /* search.png in Resources */ = {isa = PBXBuildFile; fileRef = 4B9CA1BF1CCB388B009BD803 /* search.png */; };
		4B9CA1CB1CCB388B009BD803 /* songodog.png in Resources */ = {isa = PBXBuildFile; fileRef = 4B9CA1C01CCB388B009BD803 /* songodog.png */; };
		4B9CA1CC1CCB388B009BD803 /* sonjoo.png in Resources */ = {isa = PBXBuildFile; fileRef = 4B9CA1C11CCB388B009BD803 /* sonjoo.png */; };
		4B9CA1CD1CCB388B009BD803 /* traffic.png in Resources */ = {isa = PBXBuildFile; fileRef = 4B9CA1C21CCB388B009BD803 /* traffic.png */; };
		4B9CA1CE1CCB388B009BD803 /* tv.png in Resources */ = {isa = PBXBuildFile; fileRef = 4B9CA1C31CCB388B009BD803 /* tv.png */; };
		4B9CA1CF1CCB388B009BD803 /* yinyang.png in Resources */ = {isa = PBXBuildFile; fileRef = 4B9CA1C41CCB388B009BD803 /* yinyang.png */; };
		4B9CA1D01CCB388B009BD803 /* zodiac.png in Resources */ = {isa = PBXBuildFile; fileRef = 4B9CA1C51CCB388B009BD803 /* zodiac.png */; };
		4BCE222C1CCA278A00271421 /* MainAbstractViewController.m in Sources */ = {isa = PBXBuildFile; fileRef = 4BCE222B1CCA278A00271421 /* MainAbstractViewController.m */; };
		4BCE22311CCA28A200271421 /* MyAlertView.m in Sources */ = {isa = PBXBuildFile; fileRef = 4BCE22301CCA28A200271421 /* MyAlertView.m */; };
		4BCE22381CCA293B00271421 /* Localizable.strings in Resources */ = {isa = PBXBuildFile; fileRef = 4BCE22331CCA293B00271421 /* Localizable.strings */; };
		4BCE22391CCA293B00271421 /* Language.m in Sources */ = {isa = PBXBuildFile; fileRef = 4BCE22361CCA293B00271421 /* Language.m */; };
		4BCE223D1CCA435C00271421 /* MainMenuCollectionCell.m in Sources */ = {isa = PBXBuildFile; fileRef = 4BCE223C1CCA435C00271421 /* MainMenuCollectionCell.m */; };
		4BCE22451CCA49B200271421 /* tab_home.png in Resources */ = {isa = PBXBuildFile; fileRef = 4BCE22401CCA49B200271421 /* tab_home.png */; };
		4BCE22461CCA49B200271421 /* tab_medeelel.png in Resources */ = {isa = PBXBuildFile; fileRef = 4BCE22411CCA49B200271421 /* tab_medeelel.png */; };
		4BCE22471CCA49B200271421 /* tab_sale.png in Resources */ = {isa = PBXBuildFile; fileRef = 4BCE22421CCA49B200271421 /* tab_sale.png */; };
		4BCE22481CCA49B200271421 /* tab_setting.png in Resources */ = {isa = PBXBuildFile; fileRef = 4BCE22431CCA49B200271421 /* tab_setting.png */; };
		4BCE224F1CCA512800271421 /* tab_home@2x.png in Resources */ = {isa = PBXBuildFile; fileRef = 4BCE224A1CCA512800271421 /* tab_home@2x.png */; };
		4BCE22501CCA512800271421 /* tab_medeelel@2x.png in Resources */ = {isa = PBXBuildFile; fileRef = 4BCE224B1CCA512800271421 /* tab_medeelel@2x.png */; };
		4BCE22511CCA512800271421 /* tab_sale@2x.png in Resources */ = {isa = PBXBuildFile; fileRef = 4BCE224C1CCA512800271421 /* tab_sale@2x.png */; };
		4BCE22521CCA512800271421 /* tab_setting@2x.png in Resources */ = {isa = PBXBuildFile; fileRef = 4BCE224D1CCA512800271421 /* tab_setting@2x.png */; };
		4BCE22571CCA5C2600271421 /* tab_yos_zanshil.png in Resources */ = {isa = PBXBuildFile; fileRef = 4BCE22551CCA5C2600271421 /* tab_yos_zanshil.png */; };
		4BCE22581CCA5C2600271421 /* tab_yos_zanshil@2x.png in Resources */ = {isa = PBXBuildFile; fileRef = 4BCE22561CCA5C2600271421 /* tab_yos_zanshil@2x.png */; };
		4BDC18C21C4A38A100D0F7D1 /* SettingsViewController.m in Sources */ = {isa = PBXBuildFile; fileRef = 4BDC18C11C4A38A100D0F7D1 /* SettingsViewController.m */; };
		4BE064561C47B8C900D0D75B /* MainViewController.m in Sources */ = {isa = PBXBuildFile; fileRef = 4BE064551C47B8C900D0D75B /* MainViewController.m */; };
		4BE064581C47BC8300D0D75B /* Default-568h@2x.png in Resources */ = {isa = PBXBuildFile; fileRef = 4BE064571C47BC8300D0D75B /* Default-568h@2x.png */; };
		4BEE5B991C4C9AB500F95683 /* OrderedDetailTableViewCell.m in Sources */ = {isa = PBXBuildFile; fileRef = 4BEE5B981C4C9AB500F95683 /* OrderedDetailTableViewCell.m */; };
		4BEE5B9C1C4CA95900F95683 /* Item.m in Sources */ = {isa = PBXBuildFile; fileRef = 4BEE5B9B1C4CA95900F95683 /* Item.m */; };
		996899AD067EC344CDD9179C /* libPods.a in Frameworks */ = {isa = PBXBuildFile; fileRef = BE71B3A9B5A9518F6A5BF91B /* libPods.a */; };
/* End PBXBuildFile section */

/* Begin PBXFileReference section */
		0DAECBC922A6F6FFACF81D84 /* Pods.release.xcconfig */ = {isa = PBXFileReference; includeInIndex = 1; lastKnownFileType = text.xcconfig; name = Pods.release.xcconfig; path = "Pods/Target Support Files/Pods/Pods.release.xcconfig"; sourceTree = "<group>"; };
		18C1499B1CCCF151001F7D15 /* Digiface.ttf */ = {isa = PBXFileReference; lastKnownFileType = file; path = Digiface.ttf; sourceTree = "<group>"; };
		18C1499C1CCCF151001F7D15 /* Mogul Avanti Bold Italic.ttf */ = {isa = PBXFileReference; lastKnownFileType = file; path = "Mogul Avanti Bold Italic.ttf"; sourceTree = "<group>"; };
		18C1499D1CCCF151001F7D15 /* Mogul Avanti Bold.ttf */ = {isa = PBXFileReference; lastKnownFileType = file; path = "Mogul Avanti Bold.ttf"; sourceTree = "<group>"; };
		18C1499E1CCCF151001F7D15 /* Mogul Avanti Italic.ttf */ = {isa = PBXFileReference; lastKnownFileType = file; path = "Mogul Avanti Italic.ttf"; sourceTree = "<group>"; };
		18C1499F1CCCF151001F7D15 /* Mogul Avanti.ttf */ = {isa = PBXFileReference; lastKnownFileType = file; path = "Mogul Avanti.ttf"; sourceTree = "<group>"; };
		4B458AF71C4CB35400805045 /* ZoxildoxCollectionViewCell.h */ = {isa = PBXFileReference; fileEncoding = 4; lastKnownFileType = sourcecode.c.h; path = ZoxildoxCollectionViewCell.h; sourceTree = "<group>"; };
		4B458AF81C4CB35400805045 /* ZoxildoxCollectionViewCell.m */ = {isa = PBXFileReference; fileEncoding = 4; lastKnownFileType = sourcecode.c.objc; path = ZoxildoxCollectionViewCell.m; sourceTree = "<group>"; };
		4B458AFA1C4CB36900805045 /* CommentTableViewCell.h */ = {isa = PBXFileReference; fileEncoding = 4; lastKnownFileType = sourcecode.c.h; path = CommentTableViewCell.h; sourceTree = "<group>"; };
		4B458AFB1C4CB36900805045 /* CommentTableViewCell.m */ = {isa = PBXFileReference; fileEncoding = 4; lastKnownFileType = sourcecode.c.objc; path = CommentTableViewCell.m; sourceTree = "<group>"; };
		4B4685C31C4DDB6000814A49 /* LoginViewController.h */ = {isa = PBXFileReference; fileEncoding = 4; lastKnownFileType = sourcecode.c.h; path = LoginViewController.h; sourceTree = "<group>"; };
		4B4685C41C4DDB6000814A49 /* LoginViewController.m */ = {isa = PBXFileReference; fileEncoding = 4; lastKnownFileType = sourcecode.c.objc; path = LoginViewController.m; sourceTree = "<group>"; };
		4B4DF3ED1C49E8F5006B9474 /* MainTableViewCell.h */ = {isa = PBXFileReference; fileEncoding = 4; lastKnownFileType = sourcecode.c.h; path = MainTableViewCell.h; sourceTree = "<group>"; };
		4B4DF3EE1C49E8F5006B9474 /* MainTableViewCell.m */ = {isa = PBXFileReference; fileEncoding = 4; lastKnownFileType = sourcecode.c.objc; path = MainTableViewCell.m; sourceTree = "<group>"; };
		4B4DF3F01C49E907006B9474 /* BTagCollectionViewCell.h */ = {isa = PBXFileReference; fileEncoding = 4; lastKnownFileType = sourcecode.c.h; path = BTagCollectionViewCell.h; sourceTree = "<group>"; };
		4B4DF3F11C49E907006B9474 /* BTagCollectionViewCell.m */ = {isa = PBXFileReference; fileEncoding = 4; lastKnownFileType = sourcecode.c.objc; path = BTagCollectionViewCell.m; sourceTree = "<group>"; };
		4B4DF3F61C4A2448006B9474 /* MyButton.h */ = {isa = PBXFileReference; fileEncoding = 4; lastKnownFileType = sourcecode.c.h; path = MyButton.h; sourceTree = "<group>"; };
		4B4DF3F71C4A2448006B9474 /* MyButton.m */ = {isa = PBXFileReference; fileEncoding = 4; lastKnownFileType = sourcecode.c.objc; path = MyButton.m; sourceTree = "<group>"; };
		4B6DAD671C4B7071006AEA04 /* SortButton.h */ = {isa = PBXFileReference; fileEncoding = 4; lastKnownFileType = sourcecode.c.h; path = SortButton.h; sourceTree = "<group>"; };
		4B6DAD681C4B7071006AEA04 /* SortButton.m */ = {isa = PBXFileReference; fileEncoding = 4; lastKnownFileType = sourcecode.c.objc; path = SortButton.m; sourceTree = "<group>"; };
		4B71945E1C4A335D0011F6F6 /* MyTabBarController.h */ = {isa = PBXFileReference; fileEncoding = 4; lastKnownFileType = sourcecode.c.h; path = MyTabBarController.h; sourceTree = "<group>"; };
		4B71945F1C4A335D0011F6F6 /* MyTabBarController.m */ = {isa = PBXFileReference; fileEncoding = 4; lastKnownFileType = sourcecode.c.objc; path = MyTabBarController.m; sourceTree = "<group>"; };
		4B960AFB1C47AB93004C0453 /* Khutuch.app */ = {isa = PBXFileReference; explicitFileType = wrapper.application; includeInIndex = 0; path = Khutuch.app; sourceTree = BUILT_PRODUCTS_DIR; };
		4B960AFF1C47AB93004C0453 /* main.m */ = {isa = PBXFileReference; lastKnownFileType = sourcecode.c.objc; path = main.m; sourceTree = "<group>"; };
		4B960B011C47AB93004C0453 /* AppDelegate.h */ = {isa = PBXFileReference; lastKnownFileType = sourcecode.c.h; path = AppDelegate.h; sourceTree = "<group>"; };
		4B960B021C47AB93004C0453 /* AppDelegate.m */ = {isa = PBXFileReference; lastKnownFileType = sourcecode.c.objc; path = AppDelegate.m; sourceTree = "<group>"; };
		4B960B0A1C47AB93004C0453 /* Assets.xcassets */ = {isa = PBXFileReference; lastKnownFileType = folder.assetcatalog; path = Assets.xcassets; sourceTree = "<group>"; };
		4B960B0F1C47AB93004C0453 /* Info.plist */ = {isa = PBXFileReference; lastKnownFileType = text.plist.xml; path = Info.plist; sourceTree = "<group>"; };
		4B97868F1CCA0DF800E11598 /* libSEDefaults.a */ = {isa = PBXFileReference; lastKnownFileType = archive.ar; name = libSEDefaults.a; path = lib/libSEDefaults.a; sourceTree = "<group>"; };
		4B9786911CCA0F1700E11598 /* Khutuch-Prefix.pch */ = {isa = PBXFileReference; fileEncoding = 4; lastKnownFileType = sourcecode.c.h; path = "Khutuch-Prefix.pch"; sourceTree = "<group>"; };
		4B9A8A841C4E4C4D00118E32 /* TosteiCollectionViewCell.h */ = {isa = PBXFileReference; fileEncoding = 4; lastKnownFileType = sourcecode.c.h; path = TosteiCollectionViewCell.h; sourceTree = "<group>"; };
		4B9A8A851C4E4C4D00118E32 /* TosteiCollectionViewCell.m */ = {isa = PBXFileReference; fileEncoding = 4; lastKnownFileType = sourcecode.c.objc; path = TosteiCollectionViewCell.m; sourceTree = "<group>"; };
		4B9A8A891C4E4EE800118E32 /* Comment2TableViewCell.h */ = {isa = PBXFileReference; fileEncoding = 4; lastKnownFileType = sourcecode.c.h; path = Comment2TableViewCell.h; sourceTree = "<group>"; };
		4B9A8A8A1C4E4EE800118E32 /* Comment2TableViewCell.m */ = {isa = PBXFileReference; fileEncoding = 4; lastKnownFileType = sourcecode.c.objc; path = Comment2TableViewCell.m; sourceTree = "<group>"; };
		4B9A8A8C1C4E4F4400118E32 /* MainDetailTableViewCell.h */ = {isa = PBXFileReference; fileEncoding = 4; lastKnownFileType = sourcecode.c.h; path = MainDetailTableViewCell.h; sourceTree = "<group>"; };
		4B9A8A8D1C4E4F4400118E32 /* MainDetailTableViewCell.m */ = {isa = PBXFileReference; fileEncoding = 4; lastKnownFileType = sourcecode.c.objc; path = MainDetailTableViewCell.m; sourceTree = "<group>"; };
		4B9CA1B71CCB0FC6009BD803 /* OrganizationsViewController.h */ = {isa = PBXFileReference; fileEncoding = 4; lastKnownFileType = sourcecode.c.h; path = OrganizationsViewController.h; sourceTree = "<group>"; };
		4B9CA1B81CCB0FC6009BD803 /* OrganizationsViewController.m */ = {isa = PBXFileReference; fileEncoding = 4; lastKnownFileType = sourcecode.c.objc; path = OrganizationsViewController.m; sourceTree = "<group>"; };
		4B9CA1BB1CCB388B009BD803 /* busdirection.png */ = {isa = PBXFileReference; lastKnownFileType = image.png; path = busdirection.png; sourceTree = "<group>"; };
		4B9CA1BC1CCB388B009BD803 /* info.png */ = {isa = PBXFileReference; lastKnownFileType = image.png; path = info.png; sourceTree = "<group>"; };
		4B9CA1BD1CCB388B009BD803 /* lavlah.png */ = {isa = PBXFileReference; lastKnownFileType = image.png; path = lavlah.png; sourceTree = "<group>"; };
		4B9CA1BE1CCB388B009BD803 /* medee.png */ = {isa = PBXFileReference; lastKnownFileType = image.png; path = medee.png; sourceTree = "<group>"; };
		4B9CA1BF1CCB388B009BD803 /* search.png */ = {isa = PBXFileReference; lastKnownFileType = image.png; path = search.png; sourceTree = "<group>"; };
		4B9CA1C01CCB388B009BD803 /* songodog.png */ = {isa = PBXFileReference; lastKnownFileType = image.png; path = songodog.png; sourceTree = "<group>"; };
		4B9CA1C11CCB388B009BD803 /* sonjoo.png */ = {isa = PBXFileReference; lastKnownFileType = image.png; path = sonjoo.png; sourceTree = "<group>"; };
		4B9CA1C21CCB388B009BD803 /* traffic.png */ = {isa = PBXFileReference; lastKnownFileType = image.png; path = traffic.png; sourceTree = "<group>"; };
		4B9CA1C31CCB388B009BD803 /* tv.png */ = {isa = PBXFileReference; lastKnownFileType = image.png; path = tv.png; sourceTree = "<group>"; };
		4B9CA1C41CCB388B009BD803 /* yinyang.png */ = {isa = PBXFileReference; lastKnownFileType = image.png; path = yinyang.png; sourceTree = "<group>"; };
		4B9CA1C51CCB388B009BD803 /* zodiac.png */ = {isa = PBXFileReference; lastKnownFileType = image.png; path = zodiac.png; sourceTree = "<group>"; };
		4BCE222A1CCA278A00271421 /* MainAbstractViewController.h */ = {isa = PBXFileReference; fileEncoding = 4; lastKnownFileType = sourcecode.c.h; path = MainAbstractViewController.h; sourceTree = "<group>"; };
		4BCE222B1CCA278A00271421 /* MainAbstractViewController.m */ = {isa = PBXFileReference; fileEncoding = 4; lastKnownFileType = sourcecode.c.objc; path = MainAbstractViewController.m; sourceTree = "<group>"; };
		4BCE222F1CCA28A200271421 /* MyAlertView.h */ = {isa = PBXFileReference; fileEncoding = 4; lastKnownFileType = sourcecode.c.h; path = MyAlertView.h; sourceTree = "<group>"; };
		4BCE22301CCA28A200271421 /* MyAlertView.m */ = {isa = PBXFileReference; fileEncoding = 4; lastKnownFileType = sourcecode.c.objc; path = MyAlertView.m; sourceTree = "<group>"; };
		4BCE22341CCA293B00271421 /* en */ = {isa = PBXFileReference; lastKnownFileType = text.plist.strings; name = en; path = en.lproj/Localizable.strings; sourceTree = "<group>"; };
		4BCE22351CCA293B00271421 /* Language.h */ = {isa = PBXFileReference; fileEncoding = 4; lastKnownFileType = sourcecode.c.h; path = Language.h; sourceTree = "<group>"; };
		4BCE22361CCA293B00271421 /* Language.m */ = {isa = PBXFileReference; fileEncoding = 4; lastKnownFileType = sourcecode.c.objc; path = Language.m; sourceTree = "<group>"; };
		4BCE22371CCA293B00271421 /* mn-MN */ = {isa = PBXFileReference; lastKnownFileType = text.plist.strings; name = "mn-MN"; path = "mn-MN.lproj/Localizable.strings"; sourceTree = "<group>"; };
		4BCE223C1CCA435C00271421 /* MainMenuCollectionCell.m */ = {isa = PBXFileReference; fileEncoding = 4; lastKnownFileType = sourcecode.c.objc; path = MainMenuCollectionCell.m; sourceTree = "<group>"; };
		4BCE223E1CCA444D00271421 /* MainMenuCollectionCell.h */ = {isa = PBXFileReference; fileEncoding = 4; lastKnownFileType = sourcecode.c.h; path = MainMenuCollectionCell.h; sourceTree = "<group>"; };
		4BCE22401CCA49B200271421 /* tab_home.png */ = {isa = PBXFileReference; lastKnownFileType = image.png; path = tab_home.png; sourceTree = "<group>"; };
		4BCE22411CCA49B200271421 /* tab_medeelel.png */ = {isa = PBXFileReference; lastKnownFileType = image.png; path = tab_medeelel.png; sourceTree = "<group>"; };
		4BCE22421CCA49B200271421 /* tab_sale.png */ = {isa = PBXFileReference; lastKnownFileType = image.png; path = tab_sale.png; sourceTree = "<group>"; };
		4BCE22431CCA49B200271421 /* tab_setting.png */ = {isa = PBXFileReference; lastKnownFileType = image.png; path = tab_setting.png; sourceTree = "<group>"; };
		4BCE224A1CCA512800271421 /* tab_home@2x.png */ = {isa = PBXFileReference; lastKnownFileType = image.png; path = "tab_home@2x.png"; sourceTree = "<group>"; };
		4BCE224B1CCA512800271421 /* tab_medeelel@2x.png */ = {isa = PBXFileReference; lastKnownFileType = image.png; path = "tab_medeelel@2x.png"; sourceTree = "<group>"; };
		4BCE224C1CCA512800271421 /* tab_sale@2x.png */ = {isa = PBXFileReference; lastKnownFileType = image.png; path = "tab_sale@2x.png"; sourceTree = "<group>"; };
		4BCE224D1CCA512800271421 /* tab_setting@2x.png */ = {isa = PBXFileReference; lastKnownFileType = image.png; path = "tab_setting@2x.png"; sourceTree = "<group>"; };
		4BCE22551CCA5C2600271421 /* tab_yos_zanshil.png */ = {isa = PBXFileReference; lastKnownFileType = image.png; path = tab_yos_zanshil.png; sourceTree = "<group>"; };
		4BCE22561CCA5C2600271421 /* tab_yos_zanshil@2x.png */ = {isa = PBXFileReference; lastKnownFileType = image.png; path = "tab_yos_zanshil@2x.png"; sourceTree = "<group>"; };
		4BDC18C01C4A38A100D0F7D1 /* SettingsViewController.h */ = {isa = PBXFileReference; fileEncoding = 4; lastKnownFileType = sourcecode.c.h; path = SettingsViewController.h; sourceTree = "<group>"; };
		4BDC18C11C4A38A100D0F7D1 /* SettingsViewController.m */ = {isa = PBXFileReference; fileEncoding = 4; lastKnownFileType = sourcecode.c.objc; path = SettingsViewController.m; sourceTree = "<group>"; };
		4BE064541C47B8C900D0D75B /* MainViewController.h */ = {isa = PBXFileReference; fileEncoding = 4; lastKnownFileType = sourcecode.c.h; path = MainViewController.h; sourceTree = "<group>"; };
		4BE064551C47B8C900D0D75B /* MainViewController.m */ = {isa = PBXFileReference; fileEncoding = 4; lastKnownFileType = sourcecode.c.objc; path = MainViewController.m; sourceTree = "<group>"; };
		4BE064571C47BC8300D0D75B /* Default-568h@2x.png */ = {isa = PBXFileReference; lastKnownFileType = image.png; path = "Default-568h@2x.png"; sourceTree = "<group>"; };
		4BEE5B971C4C9AB500F95683 /* OrderedDetailTableViewCell.h */ = {isa = PBXFileReference; fileEncoding = 4; lastKnownFileType = sourcecode.c.h; path = OrderedDetailTableViewCell.h; sourceTree = "<group>"; };
		4BEE5B981C4C9AB500F95683 /* OrderedDetailTableViewCell.m */ = {isa = PBXFileReference; fileEncoding = 4; lastKnownFileType = sourcecode.c.objc; path = OrderedDetailTableViewCell.m; sourceTree = "<group>"; };
		4BEE5B9A1C4CA95900F95683 /* Item.h */ = {isa = PBXFileReference; fileEncoding = 4; lastKnownFileType = sourcecode.c.h; path = Item.h; sourceTree = "<group>"; };
		4BEE5B9B1C4CA95900F95683 /* Item.m */ = {isa = PBXFileReference; fileEncoding = 4; lastKnownFileType = sourcecode.c.objc; path = Item.m; sourceTree = "<group>"; };
		BE71B3A9B5A9518F6A5BF91B /* libPods.a */ = {isa = PBXFileReference; explicitFileType = archive.ar; includeInIndex = 0; path = libPods.a; sourceTree = BUILT_PRODUCTS_DIR; };
		E532A5A09CDC67562323F4CF /* Pods.debug.xcconfig */ = {isa = PBXFileReference; includeInIndex = 1; lastKnownFileType = text.xcconfig; name = Pods.debug.xcconfig; path = "Pods/Target Support Files/Pods/Pods.debug.xcconfig"; sourceTree = "<group>"; };
/* End PBXFileReference section */

/* Begin PBXFrameworksBuildPhase section */
		4B960AF81C47AB92004C0453 /* Frameworks */ = {
			isa = PBXFrameworksBuildPhase;
			buildActionMask = 2147483647;
			files = (
				4B9786901CCA0DF800E11598 /* libSEDefaults.a in Frameworks */,
				996899AD067EC344CDD9179C /* libPods.a in Frameworks */,
			);
			runOnlyForDeploymentPostprocessing = 0;
		};
/* End PBXFrameworksBuildPhase section */

/* Begin PBXGroup section */
		18C1499A1CCCF151001F7D15 /* fonts */ = {
			isa = PBXGroup;
			children = (
				18C1499B1CCCF151001F7D15 /* Digiface.ttf */,
				18C1499C1CCCF151001F7D15 /* Mogul Avanti Bold Italic.ttf */,
				18C1499D1CCCF151001F7D15 /* Mogul Avanti Bold.ttf */,
				18C1499E1CCCF151001F7D15 /* Mogul Avanti Italic.ttf */,
				18C1499F1CCCF151001F7D15 /* Mogul Avanti.ttf */,
			);
			path = fonts;
			sourceTree = "<group>";
		};
		4B4685C21C4DDB5100814A49 /* LoginViewController */ = {
			isa = PBXGroup;
			children = (
				4B4685C31C4DDB6000814A49 /* LoginViewController.h */,
				4B4685C41C4DDB6000814A49 /* LoginViewController.m */,
			);
			path = LoginViewController;
			sourceTree = "<group>";
		};
		4B4DF3E91C49E8BC006B9474 /* Cells */ = {
			isa = PBXGroup;
			children = (
				4B4DF3F01C49E907006B9474 /* BTagCollectionViewCell.h */,
				4B4DF3F11C49E907006B9474 /* BTagCollectionViewCell.m */,
				4B4DF3ED1C49E8F5006B9474 /* MainTableViewCell.h */,
				4B4DF3EE1C49E8F5006B9474 /* MainTableViewCell.m */,
				4B9A8A8C1C4E4F4400118E32 /* MainDetailTableViewCell.h */,
				4B9A8A8D1C4E4F4400118E32 /* MainDetailTableViewCell.m */,
				4B9A8A841C4E4C4D00118E32 /* TosteiCollectionViewCell.h */,
				4B9A8A851C4E4C4D00118E32 /* TosteiCollectionViewCell.m */,
				4B9A8A891C4E4EE800118E32 /* Comment2TableViewCell.h */,
				4B9A8A8A1C4E4EE800118E32 /* Comment2TableViewCell.m */,
				4BEE5B9A1C4CA95900F95683 /* Item.h */,
				4BEE5B9B1C4CA95900F95683 /* Item.m */,
			);
			path = Cells;
			sourceTree = "<group>";
		};
		4B4DF3F51C4A2435006B9474 /* CustomControls */ = {
			isa = PBXGroup;
			children = (
				4B6DAD671C4B7071006AEA04 /* SortButton.h */,
				4B6DAD681C4B7071006AEA04 /* SortButton.m */,
				4B4DF3F61C4A2448006B9474 /* MyButton.h */,
				4B4DF3F71C4A2448006B9474 /* MyButton.m */,
				4B71945E1C4A335D0011F6F6 /* MyTabBarController.h */,
				4B71945F1C4A335D0011F6F6 /* MyTabBarController.m */,
			);
			name = CustomControls;
			path = CustomButton;
			sourceTree = "<group>";
		};
		4B960AF21C47AB92004C0453 = {
			isa = PBXGroup;
			children = (
				4BE064571C47BC8300D0D75B /* Default-568h@2x.png */,
				4B960AFD1C47AB93004C0453 /* Khutuch */,
				4B960AFC1C47AB93004C0453 /* Products */,
				7AA244D8C4E9D9971D5DA0BC /* Pods */,
				E9F45229E29B261790ADA38D /* Frameworks */,
			);
			sourceTree = "<group>";
		};
		4B960AFC1C47AB93004C0453 /* Products */ = {
			isa = PBXGroup;
			children = (
				4B960AFB1C47AB93004C0453 /* Khutuch.app */,
			);
			name = Products;
			sourceTree = "<group>";
		};
		4B960AFD1C47AB93004C0453 /* Khutuch */ = {
			isa = PBXGroup;
			children = (
				4B960B011C47AB93004C0453 /* AppDelegate.h */,
				4B960B021C47AB93004C0453 /* AppDelegate.m */,
				4BCE22291CCA1C6B00271421 /* Abstract */,
				4BE064531C47B8AF00D0D75B /* MainViewController */,
				4BDC18BF1C4A389400D0F7D1 /* SettingsViewController */,
				4B9CA1B61CCB0FA8009BD803 /* OrganizationsViewController */,
				4B4DF3F51C4A2435006B9474 /* CustomControls */,
				4BCE22321CCA293B00271421 /* Language */,
				4BCE222D1CCA289A00271421 /* UIControl */,
				4B4685C21C4DDB5100814A49 /* LoginViewController */,
				4BE063A81C47B83E00D0D75B /* icon */,
				4B960AFE1C47AB93004C0453 /* Supporting Files */,
			);
			path = Khutuch;
			sourceTree = "<group>";
		};
		4B960AFE1C47AB93004C0453 /* Supporting Files */ = {
			isa = PBXGroup;
			children = (
				4B9786911CCA0F1700E11598 /* Khutuch-Prefix.pch */,
				4B960B0A1C47AB93004C0453 /* Assets.xcassets */,
				4B960B0F1C47AB93004C0453 /* Info.plist */,
				4B960AFF1C47AB93004C0453 /* main.m */,
			);
			name = "Supporting Files";
			sourceTree = "<group>";
		};
		4B9CA1B61CCB0FA8009BD803 /* OrganizationsViewController */ = {
			isa = PBXGroup;
			children = (
				4B9CA1B71CCB0FC6009BD803 /* OrganizationsViewController.h */,
				4B9CA1B81CCB0FC6009BD803 /* OrganizationsViewController.m */,
			);
			path = OrganizationsViewController;
			sourceTree = "<group>";
		};
		4B9CA1BA1CCB3684009BD803 /* MainMenu */ = {
			isa = PBXGroup;
			children = (
				4B9CA1BB1CCB388B009BD803 /* busdirection.png */,
				4B9CA1BC1CCB388B009BD803 /* info.png */,
				4B9CA1BD1CCB388B009BD803 /* lavlah.png */,
				4B9CA1BE1CCB388B009BD803 /* medee.png */,
				4B9CA1BF1CCB388B009BD803 /* search.png */,
				4B9CA1C01CCB388B009BD803 /* songodog.png */,
				4B9CA1C11CCB388B009BD803 /* sonjoo.png */,
				4B9CA1C21CCB388B009BD803 /* traffic.png */,
				4B9CA1C31CCB388B009BD803 /* tv.png */,
				4B9CA1C41CCB388B009BD803 /* yinyang.png */,
				4B9CA1C51CCB388B009BD803 /* zodiac.png */,
			);
			path = MainMenu;
			sourceTree = "<group>";
		};
		4BCE22291CCA1C6B00271421 /* Abstract */ = {
			isa = PBXGroup;
			children = (
				4BCE222A1CCA278A00271421 /* MainAbstractViewController.h */,
				4BCE222B1CCA278A00271421 /* MainAbstractViewController.m */,
			);
			path = Abstract;
			sourceTree = "<group>";
		};
		4BCE222D1CCA289A00271421 /* UIControl */ = {
			isa = PBXGroup;
			children = (
				4BCE222E1CCA28A200271421 /* MyAlertViewWithBlock */,
			);
			path = UIControl;
			sourceTree = "<group>";
		};
		4BCE222E1CCA28A200271421 /* MyAlertViewWithBlock */ = {
			isa = PBXGroup;
			children = (
				4BCE222F1CCA28A200271421 /* MyAlertView.h */,
				4BCE22301CCA28A200271421 /* MyAlertView.m */,
			);
			path = MyAlertViewWithBlock;
			sourceTree = "<group>";
		};
		4BCE22321CCA293B00271421 /* Language */ = {
			isa = PBXGroup;
			children = (
				4BCE22331CCA293B00271421 /* Localizable.strings */,
				4BCE22351CCA293B00271421 /* Language.h */,
				4BCE22361CCA293B00271421 /* Language.m */,
			);
			path = Language;
			sourceTree = "<group>";
		};
		4BCE223A1CCA433B00271421 /* MainMenuCollectionCell */ = {
			isa = PBXGroup;
			children = (
				4BCE223C1CCA435C00271421 /* MainMenuCollectionCell.m */,
				4BCE223E1CCA444D00271421 /* MainMenuCollectionCell.h */,
			);
			path = MainMenuCollectionCell;
			sourceTree = "<group>";
		};
		4BCE223F1CCA49A700271421 /* Tabs */ = {
			isa = PBXGroup;
			children = (
				4BCE224A1CCA512800271421 /* tab_home@2x.png */,
				4BCE224B1CCA512800271421 /* tab_medeelel@2x.png */,
				4BCE224C1CCA512800271421 /* tab_sale@2x.png */,
				4BCE224D1CCA512800271421 /* tab_setting@2x.png */,
				4BCE22401CCA49B200271421 /* tab_home.png */,
				4BCE22411CCA49B200271421 /* tab_medeelel.png */,
				4BCE22421CCA49B200271421 /* tab_sale.png */,
				4BCE22431CCA49B200271421 /* tab_setting.png */,
				4BCE22551CCA5C2600271421 /* tab_yos_zanshil.png */,
				4BCE22561CCA5C2600271421 /* tab_yos_zanshil@2x.png */,
			);
			path = Tabs;
			sourceTree = "<group>";
		};
		4BDC18BF1C4A389400D0F7D1 /* SettingsViewController */ = {
			isa = PBXGroup;
			children = (
				4BDC18C01C4A38A100D0F7D1 /* SettingsViewController.h */,
				4BDC18C11C4A38A100D0F7D1 /* SettingsViewController.m */,
				4BEE5B971C4C9AB500F95683 /* OrderedDetailTableViewCell.h */,
				4BEE5B981C4C9AB500F95683 /* OrderedDetailTableViewCell.m */,
				4B458AF71C4CB35400805045 /* ZoxildoxCollectionViewCell.h */,
				4B458AF81C4CB35400805045 /* ZoxildoxCollectionViewCell.m */,
				4B458AFA1C4CB36900805045 /* CommentTableViewCell.h */,
				4B458AFB1C4CB36900805045 /* CommentTableViewCell.m */,
			);
			path = SettingsViewController;
			sourceTree = "<group>";
		};
		4BE063A81C47B83E00D0D75B /* icon */ = {
			isa = PBXGroup;
			children = (
				18C1499A1CCCF151001F7D15 /* fonts */,
				4B9CA1BA1CCB3684009BD803 /* MainMenu */,
				4BCE223F1CCA49A700271421 /* Tabs */,
			);
			path = icon;
			sourceTree = "<group>";
		};
		4BE064531C47B8AF00D0D75B /* MainViewController */ = {
			isa = PBXGroup;
			children = (
				4BE064541C47B8C900D0D75B /* MainViewController.h */,
				4BE064551C47B8C900D0D75B /* MainViewController.m */,
				4BCE223A1CCA433B00271421 /* MainMenuCollectionCell */,
				4B4DF3E91C49E8BC006B9474 /* Cells */,
			);
			path = MainViewController;
			sourceTree = "<group>";
		};
		7AA244D8C4E9D9971D5DA0BC /* Pods */ = {
			isa = PBXGroup;
			children = (
				E532A5A09CDC67562323F4CF /* Pods.debug.xcconfig */,
				0DAECBC922A6F6FFACF81D84 /* Pods.release.xcconfig */,
			);
			name = Pods;
			sourceTree = "<group>";
		};
		E9F45229E29B261790ADA38D /* Frameworks */ = {
			isa = PBXGroup;
			children = (
				4B97868F1CCA0DF800E11598 /* libSEDefaults.a */,
				BE71B3A9B5A9518F6A5BF91B /* libPods.a */,
			);
			name = Frameworks;
			sourceTree = "<group>";
		};
/* End PBXGroup section */

/* Begin PBXNativeTarget section */
		4B960AFA1C47AB92004C0453 /* Khutuch */ = {
			isa = PBXNativeTarget;
			buildConfigurationList = 4B960B121C47AB93004C0453 /* Build configuration list for PBXNativeTarget "Khutuch" */;
			buildPhases = (
				34858909ACC382764E2128F4 /* Check Pods Manifest.lock */,
				4B960AF71C47AB92004C0453 /* Sources */,
				4B960AF81C47AB92004C0453 /* Frameworks */,
				4B960AF91C47AB92004C0453 /* Resources */,
				14111F5769B7AE514C3A31FC /* Embed Pods Frameworks */,
				8F9ACF401F7612038FB8B540 /* Copy Pods Resources */,
			);
			buildRules = (
			);
			dependencies = (
			);
			name = Khutuch;
			productName = Minu;
			productReference = 4B960AFB1C47AB93004C0453 /* Khutuch.app */;
			productType = "com.apple.product-type.application";
		};
/* End PBXNativeTarget section */

/* Begin PBXProject section */
		4B960AF31C47AB92004C0453 /* Project object */ = {
			isa = PBXProject;
			attributes = {
				LastUpgradeCheck = 0720;
				ORGANIZATIONNAME = "Kaizen-Mongolia";
				TargetAttributes = {
					4B960AFA1C47AB92004C0453 = {
						CreatedOnToolsVersion = 7.2;
						DevelopmentTeam = 8YPF7D64RP;
					};
				};
			};
			buildConfigurationList = 4B960AF61C47AB92004C0453 /* Build configuration list for PBXProject "Khutuch" */;
			compatibilityVersion = "Xcode 3.2";
			developmentRegion = English;
			hasScannedForEncodings = 0;
			knownRegions = (
				en,
				Base,
				"mn-MN",
			);
			mainGroup = 4B960AF21C47AB92004C0453;
			productRefGroup = 4B960AFC1C47AB93004C0453 /* Products */;
			projectDirPath = "";
			projectRoot = "";
			targets = (
				4B960AFA1C47AB92004C0453 /* Khutuch */,
			);
		};
/* End PBXProject section */

/* Begin PBXResourcesBuildPhase section */
		4B960AF91C47AB92004C0453 /* Resources */ = {
			isa = PBXResourcesBuildPhase;
			buildActionMask = 2147483647;
			files = (
				18C149A31CCCF151001F7D15 /* Mogul Avanti Italic.ttf in Resources */,
				4B960B0B1C47AB93004C0453 /* Assets.xcassets in Resources */,
				4B9CA1CE1CCB388B009BD803 /* tv.png in Resources */,
				4B9CA1CA1CCB388B009BD803 /* search.png in Resources */,
				4BCE22471CCA49B200271421 /* tab_sale.png in Resources */,
				18C149A01CCCF151001F7D15 /* Digiface.ttf in Resources */,
				4BCE22451CCA49B200271421 /* tab_home.png in Resources */,
				4BCE22381CCA293B00271421 /* Localizable.strings in Resources */,
				4B9CA1CF1CCB388B009BD803 /* yinyang.png in Resources */,
				18C149A21CCCF151001F7D15 /* Mogul Avanti Bold.ttf in Resources */,
				4B9CA1D01CCB388B009BD803 /* zodiac.png in Resources */,
				18C149A41CCCF151001F7D15 /* Mogul Avanti.ttf in Resources */,
				4B9CA1CC1CCB388B009BD803 /* sonjoo.png in Resources */,
				4BCE22511CCA512800271421 /* tab_sale@2x.png in Resources */,
				4B9CA1C81CCB388B009BD803 /* lavlah.png in Resources */,
				18C149A11CCCF151001F7D15 /* Mogul Avanti Bold Italic.ttf in Resources */,
				4BCE22571CCA5C2600271421 /* tab_yos_zanshil.png in Resources */,
				4BCE22481CCA49B200271421 /* tab_setting.png in Resources */,
				4BCE224F1CCA512800271421 /* tab_home@2x.png in Resources */,
				4B9CA1CB1CCB388B009BD803 /* songodog.png in Resources */,
				4B9CA1C61CCB388B009BD803 /* busdirection.png in Resources */,
				4BE064581C47BC8300D0D75B /* Default-568h@2x.png in Resources */,
				4B9CA1CD1CCB388B009BD803 /* traffic.png in Resources */,
				4BCE22501CCA512800271421 /* tab_medeelel@2x.png in Resources */,
				4B9CA1C71CCB388B009BD803 /* info.png in Resources */,
				4BCE22581CCA5C2600271421 /* tab_yos_zanshil@2x.png in Resources */,
				4B9CA1C91CCB388B009BD803 /* medee.png in Resources */,
				4BCE22461CCA49B200271421 /* tab_medeelel.png in Resources */,
				4BCE22521CCA512800271421 /* tab_setting@2x.png in Resources */,
			);
			runOnlyForDeploymentPostprocessing = 0;
		};
/* End PBXResourcesBuildPhase section */

/* Begin PBXShellScriptBuildPhase section */
		14111F5769B7AE514C3A31FC /* Embed Pods Frameworks */ = {
			isa = PBXShellScriptBuildPhase;
			buildActionMask = 2147483647;
			files = (
			);
			inputPaths = (
			);
			name = "Embed Pods Frameworks";
			outputPaths = (
			);
			runOnlyForDeploymentPostprocessing = 0;
			shellPath = /bin/sh;
			shellScript = "\"${SRCROOT}/Pods/Target Support Files/Pods/Pods-frameworks.sh\"\n";
			showEnvVarsInLog = 0;
		};
		34858909ACC382764E2128F4 /* Check Pods Manifest.lock */ = {
			isa = PBXShellScriptBuildPhase;
			buildActionMask = 2147483647;
			files = (
			);
			inputPaths = (
			);
			name = "Check Pods Manifest.lock";
			outputPaths = (
			);
			runOnlyForDeploymentPostprocessing = 0;
			shellPath = /bin/sh;
			shellScript = "diff \"${PODS_ROOT}/../Podfile.lock\" \"${PODS_ROOT}/Manifest.lock\" > /dev/null\nif [[ $? != 0 ]] ; then\n    cat << EOM\nerror: The sandbox is not in sync with the Podfile.lock. Run 'pod install' or update your CocoaPods installation.\nEOM\n    exit 1\nfi\n";
			showEnvVarsInLog = 0;
		};
		8F9ACF401F7612038FB8B540 /* Copy Pods Resources */ = {
			isa = PBXShellScriptBuildPhase;
			buildActionMask = 2147483647;
			files = (
			);
			inputPaths = (
			);
			name = "Copy Pods Resources";
			outputPaths = (
			);
			runOnlyForDeploymentPostprocessing = 0;
			shellPath = /bin/sh;
			shellScript = "\"${SRCROOT}/Pods/Target Support Files/Pods/Pods-resources.sh\"\n";
			showEnvVarsInLog = 0;
		};
/* End PBXShellScriptBuildPhase section */

/* Begin PBXSourcesBuildPhase section */
		4B960AF71C47AB92004C0453 /* Sources */ = {
			isa = PBXSourcesBuildPhase;
			buildActionMask = 2147483647;
			files = (
				4BCE222C1CCA278A00271421 /* MainAbstractViewController.m in Sources */,
				4BEE5B9C1C4CA95900F95683 /* Item.m in Sources */,
				4B4DF3EF1C49E8F5006B9474 /* MainTableViewCell.m in Sources */,
				4B6DAD691C4B7071006AEA04 /* SortButton.m in Sources */,
				4B9A8A8E1C4E4F4400118E32 /* MainDetailTableViewCell.m in Sources */,
				4BCE22311CCA28A200271421 /* MyAlertView.m in Sources */,
				4BCE22391CCA293B00271421 /* Language.m in Sources */,
				4B9A8A8B1C4E4EE800118E32 /* Comment2TableViewCell.m in Sources */,
				4B9A8A861C4E4C4D00118E32 /* TosteiCollectionViewCell.m in Sources */,
				4B7194601C4A335D0011F6F6 /* MyTabBarController.m in Sources */,
				4BCE223D1CCA435C00271421 /* MainMenuCollectionCell.m in Sources */,
				4BDC18C21C4A38A100D0F7D1 /* SettingsViewController.m in Sources */,
				4B960B031C47AB93004C0453 /* AppDelegate.m in Sources */,
				4B458AF91C4CB35400805045 /* ZoxildoxCollectionViewCell.m in Sources */,
				4B4685C51C4DDB6000814A49 /* LoginViewController.m in Sources */,
				4B4DF3F21C49E907006B9474 /* BTagCollectionViewCell.m in Sources */,
				4B960B001C47AB93004C0453 /* main.m in Sources */,
				4BE064561C47B8C900D0D75B /* MainViewController.m in Sources */,
				4BEE5B991C4C9AB500F95683 /* OrderedDetailTableViewCell.m in Sources */,
				4B9CA1B91CCB0FC6009BD803 /* OrganizationsViewController.m in Sources */,
				4B458AFC1C4CB36900805045 /* CommentTableViewCell.m in Sources */,
				4B4DF3F81C4A2448006B9474 /* MyButton.m in Sources */,
			);
			runOnlyForDeploymentPostprocessing = 0;
		};
/* End PBXSourcesBuildPhase section */

/* Begin PBXVariantGroup section */
		4BCE22331CCA293B00271421 /* Localizable.strings */ = {
			isa = PBXVariantGroup;
			children = (
				4BCE22341CCA293B00271421 /* en */,
				4BCE22371CCA293B00271421 /* mn-MN */,
			);
			name = Localizable.strings;
			sourceTree = "<group>";
		};
/* End PBXVariantGroup section */

/* Begin XCBuildConfiguration section */
		4B960B101C47AB93004C0453 /* Debug */ = {
			isa = XCBuildConfiguration;
			buildSettings = {
				ALWAYS_SEARCH_USER_PATHS = NO;
				CLANG_CXX_LANGUAGE_STANDARD = "gnu++0x";
				CLANG_CXX_LIBRARY = "libc++";
				CLANG_ENABLE_MODULES = YES;
				CLANG_ENABLE_OBJC_ARC = YES;
				CLANG_WARN_BOOL_CONVERSION = YES;
				CLANG_WARN_CONSTANT_CONVERSION = YES;
				CLANG_WARN_DIRECT_OBJC_ISA_USAGE = YES_ERROR;
				CLANG_WARN_EMPTY_BODY = YES;
				CLANG_WARN_ENUM_CONVERSION = YES;
				CLANG_WARN_INT_CONVERSION = YES;
				CLANG_WARN_OBJC_ROOT_CLASS = YES_ERROR;
				CLANG_WARN_UNREACHABLE_CODE = YES;
				CLANG_WARN__DUPLICATE_METHOD_MATCH = YES;
				"CODE_SIGN_IDENTITY[sdk=iphoneos*]" = "iPhone Developer";
				COPY_PHASE_STRIP = NO;
				DEBUG_INFORMATION_FORMAT = dwarf;
				ENABLE_STRICT_OBJC_MSGSEND = YES;
				ENABLE_TESTABILITY = YES;
				GCC_C_LANGUAGE_STANDARD = gnu99;
				GCC_DYNAMIC_NO_PIC = NO;
				GCC_NO_COMMON_BLOCKS = YES;
				GCC_OPTIMIZATION_LEVEL = 0;
				GCC_PREPROCESSOR_DEFINITIONS = (
					"DEBUG=1",
					"$(inherited)",
				);
				GCC_WARN_64_TO_32_BIT_CONVERSION = YES;
				GCC_WARN_ABOUT_RETURN_TYPE = YES_ERROR;
				GCC_WARN_UNDECLARED_SELECTOR = YES;
				GCC_WARN_UNINITIALIZED_AUTOS = YES_AGGRESSIVE;
				GCC_WARN_UNUSED_FUNCTION = YES;
				GCC_WARN_UNUSED_VARIABLE = YES;
				IPHONEOS_DEPLOYMENT_TARGET = 9.2;
				MTL_ENABLE_DEBUG_INFO = YES;
				ONLY_ACTIVE_ARCH = YES;
				SDKROOT = iphoneos;
			};
			name = Debug;
		};
		4B960B111C47AB93004C0453 /* Release */ = {
			isa = XCBuildConfiguration;
			buildSettings = {
				ALWAYS_SEARCH_USER_PATHS = NO;
				CLANG_CXX_LANGUAGE_STANDARD = "gnu++0x";
				CLANG_CXX_LIBRARY = "libc++";
				CLANG_ENABLE_MODULES = YES;
				CLANG_ENABLE_OBJC_ARC = YES;
				CLANG_WARN_BOOL_CONVERSION = YES;
				CLANG_WARN_CONSTANT_CONVERSION = YES;
				CLANG_WARN_DIRECT_OBJC_ISA_USAGE = YES_ERROR;
				CLANG_WARN_EMPTY_BODY = YES;
				CLANG_WARN_ENUM_CONVERSION = YES;
				CLANG_WARN_INT_CONVERSION = YES;
				CLANG_WARN_OBJC_ROOT_CLASS = YES_ERROR;
				CLANG_WARN_UNREACHABLE_CODE = YES;
				CLANG_WARN__DUPLICATE_METHOD_MATCH = YES;
				"CODE_SIGN_IDENTITY[sdk=iphoneos*]" = "iPhone Developer";
				COPY_PHASE_STRIP = NO;
				DEBUG_INFORMATION_FORMAT = "dwarf-with-dsym";
				ENABLE_NS_ASSERTIONS = NO;
				ENABLE_STRICT_OBJC_MSGSEND = YES;
				GCC_C_LANGUAGE_STANDARD = gnu99;
				GCC_NO_COMMON_BLOCKS = YES;
				GCC_WARN_64_TO_32_BIT_CONVERSION = YES;
				GCC_WARN_ABOUT_RETURN_TYPE = YES_ERROR;
				GCC_WARN_UNDECLARED_SELECTOR = YES;
				GCC_WARN_UNINITIALIZED_AUTOS = YES_AGGRESSIVE;
				GCC_WARN_UNUSED_FUNCTION = YES;
				GCC_WARN_UNUSED_VARIABLE = YES;
				IPHONEOS_DEPLOYMENT_TARGET = 9.2;
				MTL_ENABLE_DEBUG_INFO = NO;
				SDKROOT = iphoneos;
				VALIDATE_PRODUCT = YES;
			};
			name = Release;
		};
		4B960B131C47AB93004C0453 /* Debug */ = {
			isa = XCBuildConfiguration;
			baseConfigurationReference = E532A5A09CDC67562323F4CF /* Pods.debug.xcconfig */;
			buildSettings = {
				ASSETCATALOG_COMPILER_APPICON_NAME = AppIcon;
				ASSETCATALOG_COMPILER_LAUNCHIMAGE_NAME = LaunchImage;
				CODE_SIGN_IDENTITY = "iPhone Developer";
				"CODE_SIGN_IDENTITY[sdk=iphoneos*]" = "iPhone Developer";
				ENABLE_BITCODE = NO;
				GCC_PREFIX_HEADER = "Khutuch/Khutuch-Prefix.pch";
				HEADER_SEARCH_PATHS = (
					"$(inherited)",
					"\"${PODS_ROOT}/Headers/Public\"",
					"\"${PODS_ROOT}/Headers/Public/AFNetworking\"",
					"\"${PODS_ROOT}/Headers/Public/AMRatingControl\"",
					"\"${PODS_ROOT}/Headers/Public/FXBlurView\"",
					"\"$SOURCE_ROOT/include\"",
				);
				INFOPLIST_FILE = "$(SRCROOT)/Khutuch/Info.plist";
				IPHONEOS_DEPLOYMENT_TARGET = 7.0;
				LD_RUNPATH_SEARCH_PATHS = "$(inherited) @executable_path/Frameworks";
				LIBRARY_SEARCH_PATHS = (
					"$(inherited)",
					"$(PROJECT_DIR)/lib",
				);
				PRODUCT_BUNDLE_IDENTIFIER = mn.kaizen.khutuch.1;
				PRODUCT_NAME = Khutuch;
				PROVISIONING_PROFILE = "";
			};
			name = Debug;
		};
		4B960B141C47AB93004C0453 /* Release */ = {
			isa = XCBuildConfiguration;
			baseConfigurationReference = 0DAECBC922A6F6FFACF81D84 /* Pods.release.xcconfig */;
			buildSettings = {
				ASSETCATALOG_COMPILER_APPICON_NAME = AppIcon;
				ASSETCATALOG_COMPILER_LAUNCHIMAGE_NAME = LaunchImage;
				CODE_SIGN_IDENTITY = "iPhone Developer";
				"CODE_SIGN_IDENTITY[sdk=iphoneos*]" = "iPhone Developer";
				ENABLE_BITCODE = NO;
				GCC_PREFIX_HEADER = "Khutuch/Khutuch-Prefix.pch";
				HEADER_SEARCH_PATHS = (
					"$(inherited)",
					"\"${PODS_ROOT}/Headers/Public\"",
					"\"${PODS_ROOT}/Headers/Public/AFNetworking\"",
					"\"${PODS_ROOT}/Headers/Public/AMRatingControl\"",
					"\"${PODS_ROOT}/Headers/Public/FXBlurView\"",
					"\"$SOURCE_ROOT/include\"",
				);
				INFOPLIST_FILE = "$(SRCROOT)/Khutuch/Info.plist";
				IPHONEOS_DEPLOYMENT_TARGET = 7.0;
				LD_RUNPATH_SEARCH_PATHS = "$(inherited) @executable_path/Frameworks";
				LIBRARY_SEARCH_PATHS = (
					"$(inherited)",
					"$(PROJECT_DIR)/lib",
				);
				PRODUCT_BUNDLE_IDENTIFIER = mn.kaizen.khutuch.1;
				PRODUCT_NAME = Khutuch;
				PROVISIONING_PROFILE = "";
			};
			name = Release;
		};
/* End XCBuildConfiguration section */

/* Begin XCConfigurationList section */
		4B960AF61C47AB92004C0453 /* Build configuration list for PBXProject "Khutuch" */ = {
			isa = XCConfigurationList;
			buildConfigurations = (
				4B960B101C47AB93004C0453 /* Debug */,
				4B960B111C47AB93004C0453 /* Release */,
			);
			defaultConfigurationIsVisible = 0;
			defaultConfigurationName = Release;
		};
		4B960B121C47AB93004C0453 /* Build configuration list for PBXNativeTarget "Khutuch" */ = {
			isa = XCConfigurationList;
			buildConfigurations = (
				4B960B131C47AB93004C0453 /* Debug */,
				4B960B141C47AB93004C0453 /* Release */,
			);
			defaultConfigurationIsVisible = 0;
			defaultConfigurationName = Release;
		};
/* End XCConfigurationList section */
	};
	rootObject = 4B960AF31C47AB92004C0453 /* Project object */;
}
