// !$*UTF8*$!
{
	archiveVersion = 1;
	classes = {
	};
	objectVersion = 46;
	objects = {

/* Begin PBXBuildFile section */
		4B960B001C47AB93004C0453 /* main.m in Sources */ = {isa = PBXBuildFile; fileRef = 4B960AFF1C47AB93004C0453 /* main.m */; };
		4B960B031C47AB93004C0453 /* AppDelegate.m in Sources */ = {isa = PBXBuildFile; fileRef = 4B960B021C47AB93004C0453 /* AppDelegate.m */; };
		4B960B061C47AB93004C0453 /* ViewController.m in Sources */ = {isa = PBXBuildFile; fileRef = 4B960B051C47AB93004C0453 /* ViewController.m */; };
		4B960B091C47AB93004C0453 /* Main.storyboard in Resources */ = {isa = PBXBuildFile; fileRef = 4B960B071C47AB93004C0453 /* Main.storyboard */; };
		4B960B0B1C47AB93004C0453 /* Assets.xcassets in Resources */ = {isa = PBXBuildFile; fileRef = 4B960B0A1C47AB93004C0453 /* Assets.xcassets */; };
		4B960B0E1C47AB93004C0453 /* LaunchScreen.storyboard in Resources */ = {isa = PBXBuildFile; fileRef = 4B960B0C1C47AB93004C0453 /* LaunchScreen.storyboard */; };
/* End PBXBuildFile section */

/* Begin PBXFileReference section */
		4B960AFB1C47AB93004C0453 /* Minu.app */ = {isa = PBXFileReference; explicitFileType = wrapper.application; includeInIndex = 0; path = Minu.app; sourceTree = BUILT_PRODUCTS_DIR; };
		4B960AFF1C47AB93004C0453 /* main.m */ = {isa = PBXFileReference; lastKnownFileType = sourcecode.c.objc; path = main.m; sourceTree = "<group>"; };
		4B960B011C47AB93004C0453 /* AppDelegate.h */ = {isa = PBXFileReference; lastKnownFileType = sourcecode.c.h; path = AppDelegate.h; sourceTree = "<group>"; };
		4B960B021C47AB93004C0453 /* AppDelegate.m */ = {isa = PBXFileReference; lastKnownFileType = sourcecode.c.objc; path = AppDelegate.m; sourceTree = "<group>"; };
		4B960B041C47AB93004C0453 /* ViewController.h */ = {isa = PBXFileReference; lastKnownFileType = sourcecode.c.h; path = ViewController.h; sourceTree = "<group>"; };
		4B960B051C47AB93004C0453 /* ViewController.m */ = {isa = PBXFileReference; lastKnownFileType = sourcecode.c.objc; path = ViewController.m; sourceTree = "<group>"; };
		4B960B081C47AB93004C0453 /* Base */ = {isa = PBXFileReference; lastKnownFileType = file.storyboard; name = Base; path = Base.lproj/Main.storyboard; sourceTree = "<group>"; };
		4B960B0A1C47AB93004C0453 /* Assets.xcassets */ = {isa = PBXFileReference; lastKnownFileType = folder.assetcatalog; path = Assets.xcassets; sourceTree = "<group>"; };
		4B960B0D1C47AB93004C0453 /* Base */ = {isa = PBXFileReference; lastKnownFileType = file.storyboard; name = Base; path = Base.lproj/LaunchScreen.storyboard; sourceTree = "<group>"; };
		4B960B0F1C47AB93004C0453 /* Info.plist */ = {isa = PBXFileReference; lastKnownFileType = text.plist.xml; path = Info.plist; sourceTree = "<group>"; };
/* End PBXFileReference section */

/* Begin PBXFrameworksBuildPhase section */
		4B960AF81C47AB92004C0453 /* Frameworks */ = {
			isa = PBXFrameworksBuildPhase;
			buildActionMask = 2147483647;
			files = (
			);
			runOnlyForDeploymentPostprocessing = 0;
		};
/* End PBXFrameworksBuildPhase section */

/* Begin PBXGroup section */
		4B960AF21C47AB92004C0453 = {
			isa = PBXGroup;
			children = (
				4B960AFD1C47AB93004C0453 /* Minu */,
				4B960AFC1C47AB93004C0453 /* Products */,
			);
			sourceTree = "<group>";
		};
		4B960AFC1C47AB93004C0453 /* Products */ = {
			isa = PBXGroup;
			children = (
				4B960AFB1C47AB93004C0453 /* Minu.app */,
			);
			name = Products;
			sourceTree = "<group>";
		};
		4B960AFD1C47AB93004C0453 /* Minu */ = {
			isa = PBXGroup;
			children = (
				4B960B011C47AB93004C0453 /* AppDelegate.h */,
				4B960B021C47AB93004C0453 /* AppDelegate.m */,
				4B960B041C47AB93004C0453 /* ViewController.h */,
				4B960B051C47AB93004C0453 /* ViewController.m */,
				4B960B071C47AB93004C0453 /* Main.storyboard */,
				4B960B0A1C47AB93004C0453 /* Assets.xcassets */,
				4B960B0C1C47AB93004C0453 /* LaunchScreen.storyboard */,
				4B960B0F1C47AB93004C0453 /* Info.plist */,
				4B960AFE1C47AB93004C0453 /* Supporting Files */,
			);
			path = Minu;
			sourceTree = "<group>";
		};
		4B960AFE1C47AB93004C0453 /* Supporting Files */ = {
			isa = PBXGroup;
			children = (
				4B960AFF1C47AB93004C0453 /* main.m */,
			);
			name = "Supporting Files";
			sourceTree = "<group>";
		};
/* End PBXGroup section */

/* Begin PBXNativeTarget section */
		4B960AFA1C47AB92004C0453 /* Minu */ = {
			isa = PBXNativeTarget;
			buildConfigurationList = 4B960B121C47AB93004C0453 /* Build configuration list for PBXNativeTarget "Minu" */;
			buildPhases = (
				4B960AF71C47AB92004C0453 /* Sources */,
				4B960AF81C47AB92004C0453 /* Frameworks */,
				4B960AF91C47AB92004C0453 /* Resources */,
			);
			buildRules = (
			);
			dependencies = (
			);
			name = Minu;
			productName = Minu;
			productReference = 4B960AFB1C47AB93004C0453 /* Minu.app */;
			productType = "com.apple.product-type.application";
		};
/* End PBXNativeTarget section */

/* Begin PBXProject section */
		4B960AF31C47AB92004C0453 /* Project object */ = {
			isa = PBXProject;
			attributes = {
				LastUpgradeCheck = 0720;
				ORGANIZATIONNAME = "Kaizen-Mongolia";
				TargetAttributes = {
					4B960AFA1C47AB92004C0453 = {
						CreatedOnToolsVersion = 7.2;
					};
				};
			};
			buildConfigurationList = 4B960AF61C47AB92004C0453 /* Build configuration list for PBXProject "Minu" */;
			compatibilityVersion = "Xcode 3.2";
			developmentRegion = English;
			hasScannedForEncodings = 0;
			knownRegions = (
				en,
				Base,
			);
			mainGroup = 4B960AF21C47AB92004C0453;
			productRefGroup = 4B960AFC1C47AB93004C0453 /* Products */;
			projectDirPath = "";
			projectRoot = "";
			targets = (
				4B960AFA1C47AB92004C0453 /* Minu */,
			);
		};
/* End PBXProject section */

/* Begin PBXResourcesBuildPhase section */
		4B960AF91C47AB92004C0453 /* Resources */ = {
			isa = PBXResourcesBuildPhase;
			buildActionMask = 2147483647;
			files = (
				4B960B0E1C47AB93004C0453 /* LaunchScreen.storyboard in Resources */,
				4B960B0B1C47AB93004C0453 /* Assets.xcassets in Resources */,
				4B960B091C47AB93004C0453 /* Main.storyboard in Resources */,
			);
			runOnlyForDeploymentPostprocessing = 0;
		};
/* End PBXResourcesBuildPhase section */

/* Begin PBXSourcesBuildPhase section */
		4B960AF71C47AB92004C0453 /* Sources */ = {
			isa = PBXSourcesBuildPhase;
			buildActionMask = 2147483647;
			files = (
				4B960B061C47AB93004C0453 /* ViewController.m in Sources */,
				4B960B031C47AB93004C0453 /* AppDelegate.m in Sources */,
				4B960B001C47AB93004C0453 /* main.m in Sources */,
			);
			runOnlyForDeploymentPostprocessing = 0;
		};
/* End PBXSourcesBuildPhase section */

/* Begin PBXVariantGroup section */
		4B960B071C47AB93004C0453 /* Main.storyboard */ = {
			isa = PBXVariantGroup;
			children = (
				4B960B081C47AB93004C0453 /* Base */,
			);
			name = Main.storyboard;
			sourceTree = "<group>";
		};
		4B960B0C1C47AB93004C0453 /* LaunchScreen.storyboard */ = {
			isa = PBXVariantGroup;
			children = (
				4B960B0D1C47AB93004C0453 /* Base */,
			);
			name = LaunchScreen.storyboard;
			sourceTree = "<group>";
		};
/* End PBXVariantGroup section */

/* Begin XCBuildConfiguration section */
		4B960B101C47AB93004C0453 /* Debug */ = {
			isa = XCBuildConfiguration;
			buildSettings = {
				ALWAYS_SEARCH_USER_PATHS = NO;
				CLANG_CXX_LANGUAGE_STANDARD = "gnu++0x";
				CLANG_CXX_LIBRARY = "libc++";
				CLANG_ENABLE_MODULES = YES;
				CLANG_ENABLE_OBJC_ARC = YES;
				CLANG_WARN_BOOL_CONVERSION = YES;
				CLANG_WARN_CONSTANT_CONVERSION = YES;
				CLANG_WARN_DIRECT_OBJC_ISA_USAGE = YES_ERROR;
				CLANG_WARN_EMPTY_BODY = YES;
				CLANG_WARN_ENUM_CONVERSION = YES;
				CLANG_WARN_INT_CONVERSION = YES;
				CLANG_WARN_OBJC_ROOT_CLASS = YES_ERROR;
				CLANG_WARN_UNREACHABLE_CODE = YES;
				CLANG_WARN__DUPLICATE_METHOD_MATCH = YES;
				"CODE_SIGN_IDENTITY[sdk=iphoneos*]" = "iPhone Developer";
				COPY_PHASE_STRIP = NO;
				DEBUG_INFORMATION_FORMAT = dwarf;
				ENABLE_STRICT_OBJC_MSGSEND = YES;
				ENABLE_TESTABILITY = YES;
				GCC_C_LANGUAGE_STANDARD = gnu99;
				GCC_DYNAMIC_NO_PIC = NO;
				GCC_NO_COMMON_BLOCKS = YES;
				GCC_OPTIMIZATION_LEVEL = 0;
				GCC_PREPROCESSOR_DEFINITIONS = (
					"DEBUG=1",
					"$(inherited)",
				);
				GCC_WARN_64_TO_32_BIT_CONVERSION = YES;
				GCC_WARN_ABOUT_RETURN_TYPE = YES_ERROR;
				GCC_WARN_UNDECLARED_SELECTOR = YES;
				GCC_WARN_UNINITIALIZED_AUTOS = YES_AGGRESSIVE;
				GCC_WARN_UNUSED_FUNCTION = YES;
				GCC_WARN_UNUSED_VARIABLE = YES;
				IPHONEOS_DEPLOYMENT_TARGET = 9.2;
				MTL_ENABLE_DEBUG_INFO = YES;
				ONLY_ACTIVE_ARCH = YES;
				SDKROOT = iphoneos;
			};
			name = Debug;
		};
		4B960B111C47AB93004C0453 /* Release */ = {
			isa = XCBuildConfiguration;
			buildSettings = {
				ALWAYS_SEARCH_USER_PATHS = NO;
				CLANG_CXX_LANGUAGE_STANDARD = "gnu++0x";
				CLANG_CXX_LIBRARY = "libc++";
				CLANG_ENABLE_MODULES = YES;
				CLANG_ENABLE_OBJC_ARC = YES;
				CLANG_WARN_BOOL_CONVERSION = YES;
				CLANG_WARN_CONSTANT_CONVERSION = YES;
				CLANG_WARN_DIRECT_OBJC_ISA_USAGE = YES_ERROR;
				CLANG_WARN_EMPTY_BODY = YES;
				CLANG_WARN_ENUM_CONVERSION = YES;
				CLANG_WARN_INT_CONVERSION = YES;
				CLANG_WARN_OBJC_ROOT_CLASS = YES_ERROR;
				CLANG_WARN_UNREACHABLE_CODE = YES;
				CLANG_WARN__DUPLICATE_METHOD_MATCH = YES;
				"CODE_SIGN_IDENTITY[sdk=iphoneos*]" = "iPhone Developer";
				COPY_PHASE_STRIP = NO;
				DEBUG_INFORMATION_FORMAT = "dwarf-with-dsym";
				ENABLE_NS_ASSERTIONS = NO;
				ENABLE_STRICT_OBJC_MSGSEND = YES;
				GCC_C_LANGUAGE_STANDARD = gnu99;
				GCC_NO_COMMON_BLOCKS = YES;
				GCC_WARN_64_TO_32_BIT_CONVERSION = YES;
				GCC_WARN_ABOUT_RETURN_TYPE = YES_ERROR;
				GCC_WARN_UNDECLARED_SELECTOR = YES;
				GCC_WARN_UNINITIALIZED_AUTOS = YES_AGGRESSIVE;
				GCC_WARN_UNUSED_FUNCTION = YES;
				GCC_WARN_UNUSED_VARIABLE = YES;
				IPHONEOS_DEPLOYMENT_TARGET = 9.2;
				MTL_ENABLE_DEBUG_INFO = NO;
				SDKROOT = iphoneos;
				VALIDATE_PRODUCT = YES;
			};
			name = Release;
		};
		4B960B131C47AB93004C0453 /* Debug */ = {
			isa = XCBuildConfiguration;
			buildSettings = {
				ASSETCATALOG_COMPILER_APPICON_NAME = AppIcon;
				INFOPLIST_FILE = Minu/Info.plist;
				LD_RUNPATH_SEARCH_PATHS = "$(inherited) @executable_path/Frameworks";
				PRODUCT_BUNDLE_IDENTIFIER = mn.kaizen.Minu;
				PRODUCT_NAME = "$(TARGET_NAME)";
			};
			name = Debug;
		};
		4B960B141C47AB93004C0453 /* Release */ = {
			isa = XCBuildConfiguration;
			buildSettings = {
				ASSETCATALOG_COMPILER_APPICON_NAME = AppIcon;
				INFOPLIST_FILE = Minu/Info.plist;
				LD_RUNPATH_SEARCH_PATHS = "$(inherited) @executable_path/Frameworks";
				PRODUCT_BUNDLE_IDENTIFIER = mn.kaizen.Minu;
				PRODUCT_NAME = "$(TARGET_NAME)";
			};
			name = Release;
		};
/* End XCBuildConfiguration section */

/* Begin XCConfigurationList section */
		4B960AF61C47AB92004C0453 /* Build configuration list for PBXProject "Minu" */ = {
			isa = XCConfigurationList;
			buildConfigurations = (
				4B960B101C47AB93004C0453 /* Debug */,
				4B960B111C47AB93004C0453 /* Release */,
			);
			defaultConfigurationIsVisible = 0;
			defaultConfigurationName = Release;
		};
		4B960B121C47AB93004C0453 /* Build configuration list for PBXNativeTarget "Minu" */ = {
			isa = XCConfigurationList;
			buildConfigurations = (
				4B960B131C47AB93004C0453 /* Debug */,
				4B960B141C47AB93004C0453 /* Release */,
			);
			defaultConfigurationIsVisible = 0;
		};
/* End XCConfigurationList section */
	};
	rootObject = 4B960AF31C47AB92004C0453 /* Project object */;
}
